
Microsoft Visual Studio Solution File, Format Version 12.00
# Visual Studio Version 16
VisualStudioVersion = 16.0.31205.134
MinimumVisualStudioVersion = 10.0.40219.1
Project("{FAE04EC0-301F-11D3-BF4B-00C04F79EFBC}") = "CodeSample", "CodeSample\CodeSample.csproj", "{31006D36-3A69-4B1D-8DB0-E3281A8F8E2A}"
EndProject
Global
	GlobalSection(SolutionConfigurationPlatforms) = preSolution
		Debug|Any CPU = Debug|Any CPU
		Release|Any CPU = Release|Any CPU
	EndGlobalSection
	GlobalSection(ProjectConfigurationPlatforms) = postSolution
		{31006D36-3A69-4B1D-8DB0-E3281A8F8E2A}.Debug|Any CPU.ActiveCfg = Debug|Any CPU
		{31006D36-3A69-4B1D-8DB0-E3281A8F8E2A}.Debug|Any CPU.Build.0 = Debug|Any CPU
		{31006D36-3A69-4B1D-8DB0-E3281A8F8E2A}.Release|Any CPU.ActiveCfg = Release|Any CPU
		{31006D36-3A69-4B1D-8DB0-E3281A8F8E2A}.Release|Any CPU.Build.0 = Release|Any CPU
	EndGlobalSection
	GlobalSection(SolutionProperties) = preSolution
		HideSolutionNode = FALSE
	EndGlobalSection
	GlobalSection(ExtensibilityGlobals) = postSolution
		SolutionGuid = {1EE9D593-1647-4CEC-A00E-39C72BD0CC06}
	EndGlobalSection
EndGlobal
